
Microsoft Visual Studio Solution File, Format Version 12.00
# Visual Studio Version 17
VisualStudioVersion = 17.0.31903.59
MinimumVisualStudioVersion = 10.0.40219.1
Project("{2150E333-8FDC-42A3-9474-1A3956D46DE8}") = "domain", "domain", "{F8AC7E04-20C8-4A5F-BD30-6621C11DE2D2}"
EndProject
Project("{FAE04EC0-301F-11D3-BF4B-00C04F79EFBC}") = "BookStore", "domain\BookStore\BookStore.csproj", "{653E6FD8-600D-4D98-97A7-4453F746504E}"
EndProject
Project("{2150E333-8FDC-42A3-9474-1A3956D46DE8}") = "infrastructure", "infrastructure", "{FCAECDDC-75DB-4BCE-AF34-FF3A64537E5E}"
EndProject
Project("{2150E333-8FDC-42A3-9474-1A3956D46DE8}") = "presentation", "presentation", "{36EFA53D-132D-4E03-89D7-C5F807915F9B}"
EndProject
Project("{FAE04EC0-301F-11D3-BF4B-00C04F79EFBC}") = "Store.Memory", "infrastructure\Store.Memory\Store.Memory.csproj", "{77AD6405-0276-46EF-9ACD-4C79E21EA399}"
EndProject
Project("{FAE04EC0-301F-11D3-BF4B-00C04F79EFBC}") = "Store.Web", "presentation\Store.Web\Store.Web.csproj", "{74D0E710-6890-4236-8C6D-83B86AA313A7}"
EndProject
Project("{FAE04EC0-301F-11D3-BF4B-00C04F79EFBC}") = "BookStore.Tests", "domain\BookStore.Tests\BookStore.Tests.csproj", "{033B63F3-B894-409C-AD10-752D93D57503}"
EndProject
Global
	GlobalSection(SolutionConfigurationPlatforms) = preSolution
		Debug|Any CPU = Debug|Any CPU
		Release|Any CPU = Release|Any CPU
	EndGlobalSection
	GlobalSection(SolutionProperties) = preSolution
		HideSolutionNode = FALSE
	EndGlobalSection
	GlobalSection(ProjectConfigurationPlatforms) = postSolution
		{653E6FD8-600D-4D98-97A7-4453F746504E}.Debug|Any CPU.ActiveCfg = Debug|Any CPU
		{653E6FD8-600D-4D98-97A7-4453F746504E}.Debug|Any CPU.Build.0 = Debug|Any CPU
		{653E6FD8-600D-4D98-97A7-4453F746504E}.Release|Any CPU.ActiveCfg = Release|Any CPU
		{653E6FD8-600D-4D98-97A7-4453F746504E}.Release|Any CPU.Build.0 = Release|Any CPU
		{77AD6405-0276-46EF-9ACD-4C79E21EA399}.Debug|Any CPU.ActiveCfg = Debug|Any CPU
		{77AD6405-0276-46EF-9ACD-4C79E21EA399}.Debug|Any CPU.Build.0 = Debug|Any CPU
		{77AD6405-0276-46EF-9ACD-4C79E21EA399}.Release|Any CPU.ActiveCfg = Release|Any CPU
		{77AD6405-0276-46EF-9ACD-4C79E21EA399}.Release|Any CPU.Build.0 = Release|Any CPU
		{74D0E710-6890-4236-8C6D-83B86AA313A7}.Debug|Any CPU.ActiveCfg = Debug|Any CPU
		{74D0E710-6890-4236-8C6D-83B86AA313A7}.Debug|Any CPU.Build.0 = Debug|Any CPU
		{74D0E710-6890-4236-8C6D-83B86AA313A7}.Release|Any CPU.ActiveCfg = Release|Any CPU
		{74D0E710-6890-4236-8C6D-83B86AA313A7}.Release|Any CPU.Build.0 = Release|Any CPU
		{033B63F3-B894-409C-AD10-752D93D57503}.Debug|Any CPU.ActiveCfg = Debug|Any CPU
		{033B63F3-B894-409C-AD10-752D93D57503}.Debug|Any CPU.Build.0 = Debug|Any CPU
		{033B63F3-B894-409C-AD10-752D93D57503}.Release|Any CPU.ActiveCfg = Release|Any CPU
		{033B63F3-B894-409C-AD10-752D93D57503}.Release|Any CPU.Build.0 = Release|Any CPU
	EndGlobalSection
	GlobalSection(NestedProjects) = preSolution
		{653E6FD8-600D-4D98-97A7-4453F746504E} = {F8AC7E04-20C8-4A5F-BD30-6621C11DE2D2}
		{77AD6405-0276-46EF-9ACD-4C79E21EA399} = {FCAECDDC-75DB-4BCE-AF34-FF3A64537E5E}
		{74D0E710-6890-4236-8C6D-83B86AA313A7} = {36EFA53D-132D-4E03-89D7-C5F807915F9B}
		{033B63F3-B894-409C-AD10-752D93D57503} = {F8AC7E04-20C8-4A5F-BD30-6621C11DE2D2}
	EndGlobalSection
EndGlobal
